
Microsoft Visual Studio Solution File, Format Version 12.00
# Visual Studio 15
VisualStudioVersion = 15.0.26430.6
MinimumVisualStudioVersion = 10.0.40219.1
Project("{FAE04EC0-301F-11D3-BF4B-00C04F79EFBC}") = "GitItGUI", "GitItGUI\GitItGUI.csproj", "{070DA903-20AF-4E2F-BCD4-24541F5EC7E3}"
	ProjectSection(ProjectDependencies) = postProject
		{D1B04444-C700-4C07-A9A8-052AFB74030F} = {D1B04444-C700-4C07-A9A8-052AFB74030F}
		{2D84AC5D-E1F7-40BD-A2CA-59F3C8C050FC} = {2D84AC5D-E1F7-40BD-A2CA-59F3C8C050FC}
		{B0A50262-1677-453D-96F7-9169A622BE5A} = {B0A50262-1677-453D-96F7-9169A622BE5A}
	EndProjectSection
EndProject
Project("{FAE04EC0-301F-11D3-BF4B-00C04F79EFBC}") = "GitItGUI.Core", "GitItGUI.Core\GitItGUI.Core.csproj", "{0095000A-55AF-4A89-8C5A-02E43CAAF1F5}"
EndProject
Project("{FAE04EC0-301F-11D3-BF4B-00C04F79EFBC}") = "MessageBox", "MessageBox\MessageBox.csproj", "{2D84AC5D-E1F7-40BD-A2CA-59F3C8C050FC}"
EndProject
Project("{FAE04EC0-301F-11D3-BF4B-00C04F79EFBC}") = "NameEntry", "NameEntry\NameEntry.csproj", "{D1B04444-C700-4C07-A9A8-052AFB74030F}"
EndProject
Project("{FAE04EC0-301F-11D3-BF4B-00C04F79EFBC}") = "GitCommander", "GitCommander\GitCommander.csproj", "{B27247A7-FB34-41C9-BA20-22C758460D6E}"
EndProject
Project("{FAE04EC0-301F-11D3-BF4B-00C04F79EFBC}") = "CommitEntry", "CommitEntry\CommitEntry.csproj", "{A00578DB-F074-4338-A7EB-047FE2BB93D6}"
EndProject
Project("{FAE04EC0-301F-11D3-BF4B-00C04F79EFBC}") = "MergeConflicPicker", "MergeConflicPicker\MergeConflicPicker.csproj", "{B0A50262-1677-453D-96F7-9169A622BE5A}"
EndProject
Project("{FAE04EC0-301F-11D3-BF4B-00C04F79EFBC}") = "GitKantan", "GitKantan\GitKantan.csproj", "{51B6E902-7A42-4FBA-8CAB-5F6A950DD005}"
EndProject
Global
	GlobalSection(SolutionConfigurationPlatforms) = preSolution
		Debug|Any CPU = Debug|Any CPU
		Debug|x86 = Debug|x86
		Release|Any CPU = Release|Any CPU
		Release|x86 = Release|x86
	EndGlobalSection
	GlobalSection(ProjectConfigurationPlatforms) = postSolution
		{070DA903-20AF-4E2F-BCD4-24541F5EC7E3}.Debug|Any CPU.ActiveCfg = Debug|x86
		{070DA903-20AF-4E2F-BCD4-24541F5EC7E3}.Debug|x86.ActiveCfg = Debug|x86
		{070DA903-20AF-4E2F-BCD4-24541F5EC7E3}.Debug|x86.Build.0 = Debug|x86
		{070DA903-20AF-4E2F-BCD4-24541F5EC7E3}.Release|Any CPU.ActiveCfg = Release|x86
		{070DA903-20AF-4E2F-BCD4-24541F5EC7E3}.Release|x86.ActiveCfg = Release|x86
		{070DA903-20AF-4E2F-BCD4-24541F5EC7E3}.Release|x86.Build.0 = Release|x86
		{0095000A-55AF-4A89-8C5A-02E43CAAF1F5}.Debug|Any CPU.ActiveCfg = Debug|x86
		{0095000A-55AF-4A89-8C5A-02E43CAAF1F5}.Debug|x86.ActiveCfg = Debug|x86
		{0095000A-55AF-4A89-8C5A-02E43CAAF1F5}.Debug|x86.Build.0 = Debug|x86
		{0095000A-55AF-4A89-8C5A-02E43CAAF1F5}.Release|Any CPU.ActiveCfg = Release|x86
		{0095000A-55AF-4A89-8C5A-02E43CAAF1F5}.Release|x86.ActiveCfg = Release|x86
		{0095000A-55AF-4A89-8C5A-02E43CAAF1F5}.Release|x86.Build.0 = Release|x86
		{2D84AC5D-E1F7-40BD-A2CA-59F3C8C050FC}.Debug|Any CPU.ActiveCfg = Debug|x86
		{2D84AC5D-E1F7-40BD-A2CA-59F3C8C050FC}.Debug|x86.ActiveCfg = Debug|x86
		{2D84AC5D-E1F7-40BD-A2CA-59F3C8C050FC}.Debug|x86.Build.0 = Debug|x86
		{2D84AC5D-E1F7-40BD-A2CA-59F3C8C050FC}.Release|Any CPU.ActiveCfg = Release|x86
		{2D84AC5D-E1F7-40BD-A2CA-59F3C8C050FC}.Release|x86.ActiveCfg = Release|x86
		{2D84AC5D-E1F7-40BD-A2CA-59F3C8C050FC}.Release|x86.Build.0 = Release|x86
		{D1B04444-C700-4C07-A9A8-052AFB74030F}.Debug|Any CPU.ActiveCfg = Debug|x86
		{D1B04444-C700-4C07-A9A8-052AFB74030F}.Debug|x86.ActiveCfg = Debug|x86
		{D1B04444-C700-4C07-A9A8-052AFB74030F}.Debug|x86.Build.0 = Debug|x86
		{D1B04444-C700-4C07-A9A8-052AFB74030F}.Release|Any CPU.ActiveCfg = Release|x86
		{D1B04444-C700-4C07-A9A8-052AFB74030F}.Release|x86.ActiveCfg = Release|x86
		{D1B04444-C700-4C07-A9A8-052AFB74030F}.Release|x86.Build.0 = Release|x86
		{B27247A7-FB34-41C9-BA20-22C758460D6E}.Debug|Any CPU.ActiveCfg = Debug|x86
		{B27247A7-FB34-41C9-BA20-22C758460D6E}.Debug|x86.ActiveCfg = Debug|x86
		{B27247A7-FB34-41C9-BA20-22C758460D6E}.Debug|x86.Build.0 = Debug|x86
		{B27247A7-FB34-41C9-BA20-22C758460D6E}.Release|Any CPU.ActiveCfg = Release|x86
		{B27247A7-FB34-41C9-BA20-22C758460D6E}.Release|x86.ActiveCfg = Release|x86
		{B27247A7-FB34-41C9-BA20-22C758460D6E}.Release|x86.Build.0 = Release|x86
		{A00578DB-F074-4338-A7EB-047FE2BB93D6}.Debug|Any CPU.ActiveCfg = Debug|x86
		{A00578DB-F074-4338-A7EB-047FE2BB93D6}.Debug|x86.ActiveCfg = Debug|x86
		{A00578DB-F074-4338-A7EB-047FE2BB93D6}.Debug|x86.Build.0 = Debug|x86
		{A00578DB-F074-4338-A7EB-047FE2BB93D6}.Release|Any CPU.ActiveCfg = Release|x86
		{A00578DB-F074-4338-A7EB-047FE2BB93D6}.Release|x86.ActiveCfg = Release|x86
		{A00578DB-F074-4338-A7EB-047FE2BB93D6}.Release|x86.Build.0 = Release|x86
		{B0A50262-1677-453D-96F7-9169A622BE5A}.Debug|Any CPU.ActiveCfg = Debug|x86
		{B0A50262-1677-453D-96F7-9169A622BE5A}.Debug|x86.ActiveCfg = Debug|x86
		{B0A50262-1677-453D-96F7-9169A622BE5A}.Debug|x86.Build.0 = Debug|x86
		{B0A50262-1677-453D-96F7-9169A622BE5A}.Release|Any CPU.ActiveCfg = Release|x86
		{B0A50262-1677-453D-96F7-9169A622BE5A}.Release|x86.ActiveCfg = Release|x86
		{B0A50262-1677-453D-96F7-9169A622BE5A}.Release|x86.Build.0 = Release|x86
		{51B6E902-7A42-4FBA-8CAB-5F6A950DD005}.Debug|Any CPU.ActiveCfg = Debug|Any CPU
		{51B6E902-7A42-4FBA-8CAB-5F6A950DD005}.Debug|Any CPU.Build.0 = Debug|Any CPU
		{51B6E902-7A42-4FBA-8CAB-5F6A950DD005}.Debug|x86.ActiveCfg = Debug|Any CPU
		{51B6E902-7A42-4FBA-8CAB-5F6A950DD005}.Debug|x86.Build.0 = Debug|Any CPU
		{51B6E902-7A42-4FBA-8CAB-5F6A950DD005}.Release|Any CPU.ActiveCfg = Release|Any CPU
		{51B6E902-7A42-4FBA-8CAB-5F6A950DD005}.Release|Any CPU.Build.0 = Release|Any CPU
		{51B6E902-7A42-4FBA-8CAB-5F6A950DD005}.Release|x86.ActiveCfg = Release|Any CPU
		{51B6E902-7A42-4FBA-8CAB-5F6A950DD005}.Release|x86.Build.0 = Release|Any CPU
	EndGlobalSection
	GlobalSection(SolutionProperties) = preSolution
		HideSolutionNode = FALSE
	EndGlobalSection
EndGlobal
